
Microsoft Visual Studio Solution File, Format Version 12.00
# Visual Studio 14
VisualStudioVersion = 14.0.23107.0
MinimumVisualStudioVersion = 10.0.40219.1
Project("{FAE04EC0-301F-11D3-BF4B-00C04F79EFBC}") = "HelloAngularJS_EF", "HelloAngularJS_EF\HelloAngularJS_EF.csproj", "{CA4CC34C-7605-4CD6-9C7B-C1B567610D94}"
EndProject
Project("{FAE04EC0-301F-11D3-BF4B-00C04F79EFBC}") = "HelloAngularJS_EF.Tests", "HelloAngularJS_EF.Tests\HelloAngularJS_EF.Tests.csproj", "{F2BB9147-245B-4704-9D66-6AE1C0E946C0}"
EndProject
Global
	GlobalSection(SolutionConfigurationPlatforms) = preSolution
		Debug|Any CPU = Debug|Any CPU
		Release|Any CPU = Release|Any CPU
	EndGlobalSection
	GlobalSection(ProjectConfigurationPlatforms) = postSolution
		{CA4CC34C-7605-4CD6-9C7B-C1B567610D94}.Debug|Any CPU.ActiveCfg = Debug|Any CPU
		{CA4CC34C-7605-4CD6-9C7B-C1B567610D94}.Debug|Any CPU.Build.0 = Debug|Any CPU
		{CA4CC34C-7605-4CD6-9C7B-C1B567610D94}.Release|Any CPU.ActiveCfg = Release|Any CPU
		{CA4CC34C-7605-4CD6-9C7B-C1B567610D94}.Release|Any CPU.Build.0 = Release|Any CPU
		{F2BB9147-245B-4704-9D66-6AE1C0E946C0}.Debug|Any CPU.ActiveCfg = Debug|Any CPU
		{F2BB9147-245B-4704-9D66-6AE1C0E946C0}.Debug|Any CPU.Build.0 = Debug|Any CPU
		{F2BB9147-245B-4704-9D66-6AE1C0E946C0}.Release|Any CPU.ActiveCfg = Release|Any CPU
		{F2BB9147-245B-4704-9D66-6AE1C0E946C0}.Release|Any CPU.Build.0 = Release|Any CPU
	EndGlobalSection
	GlobalSection(SolutionProperties) = preSolution
		HideSolutionNode = FALSE
	EndGlobalSection
EndGlobal
